# THIS IS AN AUTOGENERATED FILE. DO NOT EDIT THIS FILE DIRECTLY.
# yarn lockfile v1


deepmerge@^2.0.1:
  version "2.0.1"
  resolved "https://registry.yarnpkg.com/deepmerge/-/deepmerge-2.0.1.tgz#25c1c24f110fb914f80001b925264dd77f3f4312"

strip-bom@^3.0.0:
  version "3.0.0"
  resolved "https://registry.yarnpkg.com/strip-bom/-/strip-bom-3.0.0.tgz#2334c18e9c759f7bdd56fdef7e9ae3d588e68ed3"

strip-json-comments@^2.0.1:
  version "2.0.1"
  resolved "https://registry.yarnpkg.com/strip-json-comments/-/strip-json-comments-2.0.1.tgz#3c531942e908c2697c0ec344858c286c7ca0a60a"

tsconfig-paths@^3.1.1:
  version "3.1.1"
  resolved "https://registry.yarnpkg.com/tsconfig-paths/-/tsconfig-paths-3.1.1.tgz#368478faed54a247f2c8e59e44cb81418b2ae515"
  dependencies:
    deepmerge "^2.0.1"
    strip-bom "^3.0.0"
    strip-json-comments "^2.0.1"
